
Microsoft Visual Studio Solution File, Format Version 12.00
# Visual Studio Version 17
VisualStudioVersion = 17.7.34031.279
MinimumVisualStudioVersion = 10.0.40219.1
Project("{8BC9CEB8-8B4A-11D0-8D11-00A0C91BC942}") = "Microsoft Store Apps Direct Downloader", "Microsoft Store Apps Direct Downloader.vcxproj", "{9D2F621F-4849-425A-BA5A-A09773EEC3CD}"
EndProject
Global
	GlobalSection(SolutionConfigurationPlatforms) = preSolution
		Debug|x64 = Debug|x64
		Debug|x86 = Debug|x86
		Release|x64 = Release|x64
		Release|x86 = Release|x86
	EndGlobalSection
	GlobalSection(ProjectConfigurationPlatforms) = postSolution
		{9D2F621F-4849-425A-BA5A-A09773EEC3CD}.Debug|x64.ActiveCfg = Debug|x64
		{9D2F621F-4849-425A-BA5A-A09773EEC3CD}.Debug|x64.Build.0 = Debug|x64
		{9D2F621F-4849-425A-BA5A-A09773EEC3CD}.Debug|x86.ActiveCfg = Debug|Win32
		{9D2F621F-4849-425A-BA5A-A09773EEC3CD}.Debug|x86.Build.0 = Debug|Win32
		{9D2F621F-4849-425A-BA5A-A09773EEC3CD}.Release|x64.ActiveCfg = Release|x64
		{9D2F621F-4849-425A-BA5A-A09773EEC3CD}.Release|x64.Build.0 = Release|x64
		{9D2F621F-4849-425A-BA5A-A09773EEC3CD}.Release|x86.ActiveCfg = Release|Win32
		{9D2F621F-4849-425A-BA5A-A09773EEC3CD}.Release|x86.Build.0 = Release|Win32
	EndGlobalSection
	GlobalSection(SolutionProperties) = preSolution
		HideSolutionNode = FALSE
	EndGlobalSection
	GlobalSection(ExtensibilityGlobals) = postSolution
		SolutionGuid = {A45800A4-DFB2-4F48-B167-F59150213843}
	EndGlobalSection
EndGlobal
